// !$*UTF8*$!
{
	archiveVersion = 1;
	classes = {
	};
	objectVersion = 55;
	objects = {

/* Begin PBXBuildFile section */
		061E113C2775F60D00720412 /* AppDelegate.swift in Sources */ = {isa = PBXBuildFile; fileRef = 061E113B2775F60D00720412 /* AppDelegate.swift */; };
		061E113E2775F60D00720412 /* SceneDelegate.swift in Sources */ = {isa = PBXBuildFile; fileRef = 061E113D2775F60D00720412 /* SceneDelegate.swift */; };
		061E11402775F60D00720412 /* ShowListVC.swift in Sources */ = {isa = PBXBuildFile; fileRef = 061E113F2775F60D00720412 /* ShowListVC.swift */; };
		061E11432775F60D00720412 /* Main.storyboard in Resources */ = {isa = PBXBuildFile; fileRef = 061E11412775F60D00720412 /* Main.storyboard */; };
		061E11452775F60F00720412 /* Assets.xcassets in Resources */ = {isa = PBXBuildFile; fileRef = 061E11442775F60F00720412 /* Assets.xcassets */; };
		061E11482775F60F00720412 /* LaunchScreen.storyboard in Resources */ = {isa = PBXBuildFile; fileRef = 061E11462775F60F00720412 /* LaunchScreen.storyboard */; };
		061E11532775F60F00720412 /* Show_TaskTests.swift in Sources */ = {isa = PBXBuildFile; fileRef = 061E11522775F60F00720412 /* Show_TaskTests.swift */; };
		061E115D2775F61000720412 /* Show_TaskUITests.swift in Sources */ = {isa = PBXBuildFile; fileRef = 061E115C2775F61000720412 /* Show_TaskUITests.swift */; };
		061E115F2775F61000720412 /* Show_TaskUITestsLaunchTests.swift in Sources */ = {isa = PBXBuildFile; fileRef = 061E115E2775F61000720412 /* Show_TaskUITestsLaunchTests.swift */; };
		061E11702775FCCB00720412 /* ShowDetailsVC.swift in Sources */ = {isa = PBXBuildFile; fileRef = 061E116F2775FCCB00720412 /* ShowDetailsVC.swift */; };
		061E11752775FD0F00720412 /* ShowsTableViewCell.swift in Sources */ = {isa = PBXBuildFile; fileRef = 061E11732775FD0F00720412 /* ShowsTableViewCell.swift */; };
		061E11762775FD0F00720412 /* ShowsTableViewCell.xib in Resources */ = {isa = PBXBuildFile; fileRef = 061E11742775FD0F00720412 /* ShowsTableViewCell.xib */; };
		061E11792775FFC900720412 /* RoundedImage.swift in Sources */ = {isa = PBXBuildFile; fileRef = 061E11782775FFC900720412 /* RoundedImage.swift */; };
		068705702776107F00F02508 /* Externals.swift in Sources */ = {isa = PBXBuildFile; fileRef = 068705652776107E00F02508 /* Externals.swift */; };
		068705712776107F00F02508 /* Image.swift in Sources */ = {isa = PBXBuildFile; fileRef = 068705662776107E00F02508 /* Image.swift */; };
		068705722776107F00F02508 /* _links.swift in Sources */ = {isa = PBXBuildFile; fileRef = 068705672776107E00F02508 /* _links.swift */; };
		068705732776107F00F02508 /* Schedule.swift in Sources */ = {isa = PBXBuildFile; fileRef = 068705682776107E00F02508 /* Schedule.swift */; };
		068705742776107F00F02508 /* Self.swift in Sources */ = {isa = PBXBuildFile; fileRef = 068705692776107E00F02508 /* Self.swift */; };
		068705752776107F00F02508 /* Show.swift in Sources */ = {isa = PBXBuildFile; fileRef = 0687056A2776107E00F02508 /* Show.swift */; };
		068705762776107F00F02508 /* ShowsModel.swift in Sources */ = {isa = PBXBuildFile; fileRef = 0687056B2776107F00F02508 /* ShowsModel.swift */; };
		068705772776107F00F02508 /* Previousepisode.swift in Sources */ = {isa = PBXBuildFile; fileRef = 0687056C2776107F00F02508 /* Previousepisode.swift */; };
		068705782776107F00F02508 /* WebChannel.swift in Sources */ = {isa = PBXBuildFile; fileRef = 0687056D2776107F00F02508 /* WebChannel.swift */; };
		068705792776107F00F02508 /* Rating.swift in Sources */ = {isa = PBXBuildFile; fileRef = 0687056E2776107F00F02508 /* Rating.swift */; };
		0687057A2776107F00F02508 /* Country.swift in Sources */ = {isa = PBXBuildFile; fileRef = 0687056F2776107F00F02508 /* Country.swift */; };
/* End PBXBuildFile section */

/* Begin PBXContainerItemProxy section */
		061E114F2775F60F00720412 /* PBXContainerItemProxy */ = {
			isa = PBXContainerItemProxy;
			containerPortal = 061E11302775F60D00720412 /* Project object */;
			proxyType = 1;
			remoteGlobalIDString = 061E11372775F60D00720412;
			remoteInfo = Show_Task;
		};
		061E11592775F61000720412 /* PBXContainerItemProxy */ = {
			isa = PBXContainerItemProxy;
			containerPortal = 061E11302775F60D00720412 /* Project object */;
			proxyType = 1;
			remoteGlobalIDString = 061E11372775F60D00720412;
			remoteInfo = Show_Task;
		};
/* End PBXContainerItemProxy section */

/* Begin PBXFileReference section */
		061E11382775F60D00720412 /* Show_Task.app */ = {isa = PBXFileReference; explicitFileType = wrapper.application; includeInIndex = 0; path = Show_Task.app; sourceTree = BUILT_PRODUCTS_DIR; };
		061E113B2775F60D00720412 /* AppDelegate.swift */ = {isa = PBXFileReference; lastKnownFileType = sourcecode.swift; path = AppDelegate.swift; sourceTree = "<group>"; };
		061E113D2775F60D00720412 /* SceneDelegate.swift */ = {isa = PBXFileReference; lastKnownFileType = sourcecode.swift; path = SceneDelegate.swift; sourceTree = "<group>"; };
		061E113F2775F60D00720412 /* ShowListVC.swift */ = {isa = PBXFileReference; lastKnownFileType = sourcecode.swift; path = ShowListVC.swift; sourceTree = "<group>"; };
		061E11422775F60D00720412 /* Base */ = {isa = PBXFileReference; lastKnownFileType = file.storyboard; name = Base; path = Base.lproj/Main.storyboard; sourceTree = "<group>"; };
		061E11442775F60F00720412 /* Assets.xcassets */ = {isa = PBXFileReference; lastKnownFileType = folder.assetcatalog; path = Assets.xcassets; sourceTree = "<group>"; };
		061E11472775F60F00720412 /* Base */ = {isa = PBXFileReference; lastKnownFileType = file.storyboard; name = Base; path = Base.lproj/LaunchScreen.storyboard; sourceTree = "<group>"; };
		061E11492775F60F00720412 /* Info.plist */ = {isa = PBXFileReference; lastKnownFileType = text.plist.xml; path = Info.plist; sourceTree = "<group>"; };
		061E114E2775F60F00720412 /* Show_TaskTests.xctest */ = {isa = PBXFileReference; explicitFileType = wrapper.cfbundle; includeInIndex = 0; path = Show_TaskTests.xctest; sourceTree = BUILT_PRODUCTS_DIR; };
		061E11522775F60F00720412 /* Show_TaskTests.swift */ = {isa = PBXFileReference; lastKnownFileType = sourcecode.swift; path = Show_TaskTests.swift; sourceTree = "<group>"; };
		061E11582775F61000720412 /* Show_TaskUITests.xctest */ = {isa = PBXFileReference; explicitFileType = wrapper.cfbundle; includeInIndex = 0; path = Show_TaskUITests.xctest; sourceTree = BUILT_PRODUCTS_DIR; };
		061E115C2775F61000720412 /* Show_TaskUITests.swift */ = {isa = PBXFileReference; lastKnownFileType = sourcecode.swift; path = Show_TaskUITests.swift; sourceTree = "<group>"; };
		061E115E2775F61000720412 /* Show_TaskUITestsLaunchTests.swift */ = {isa = PBXFileReference; lastKnownFileType = sourcecode.swift; path = Show_TaskUITestsLaunchTests.swift; sourceTree = "<group>"; };
		061E116F2775FCCB00720412 /* ShowDetailsVC.swift */ = {isa = PBXFileReference; lastKnownFileType = sourcecode.swift; path = ShowDetailsVC.swift; sourceTree = "<group>"; };
		061E11732775FD0F00720412 /* ShowsTableViewCell.swift */ = {isa = PBXFileReference; lastKnownFileType = sourcecode.swift; path = ShowsTableViewCell.swift; sourceTree = "<group>"; };
		061E11742775FD0F00720412 /* ShowsTableViewCell.xib */ = {isa = PBXFileReference; lastKnownFileType = file.xib; path = ShowsTableViewCell.xib; sourceTree = "<group>"; };
		061E11782775FFC900720412 /* RoundedImage.swift */ = {isa = PBXFileReference; lastKnownFileType = sourcecode.swift; path = RoundedImage.swift; sourceTree = "<group>"; };
		068705652776107E00F02508 /* Externals.swift */ = {isa = PBXFileReference; fileEncoding = 4; lastKnownFileType = sourcecode.swift; path = Externals.swift; sourceTree = "<group>"; };
		068705662776107E00F02508 /* Image.swift */ = {isa = PBXFileReference; fileEncoding = 4; lastKnownFileType = sourcecode.swift; path = Image.swift; sourceTree = "<group>"; };
		068705672776107E00F02508 /* _links.swift */ = {isa = PBXFileReference; fileEncoding = 4; lastKnownFileType = sourcecode.swift; path = _links.swift; sourceTree = "<group>"; };
		068705682776107E00F02508 /* Schedule.swift */ = {isa = PBXFileReference; fileEncoding = 4; lastKnownFileType = sourcecode.swift; path = Schedule.swift; sourceTree = "<group>"; };
		068705692776107E00F02508 /* Self.swift */ = {isa = PBXFileReference; fileEncoding = 4; lastKnownFileType = sourcecode.swift; path = Self.swift; sourceTree = "<group>"; };
		0687056A2776107E00F02508 /* Show.swift */ = {isa = PBXFileReference; fileEncoding = 4; lastKnownFileType = sourcecode.swift; path = Show.swift; sourceTree = "<group>"; };
		0687056B2776107F00F02508 /* ShowsModel.swift */ = {isa = PBXFileReference; fileEncoding = 4; lastKnownFileType = sourcecode.swift; path = ShowsModel.swift; sourceTree = "<group>"; };
		0687056C2776107F00F02508 /* Previousepisode.swift */ = {isa = PBXFileReference; fileEncoding = 4; lastKnownFileType = sourcecode.swift; path = Previousepisode.swift; sourceTree = "<group>"; };
		0687056D2776107F00F02508 /* WebChannel.swift */ = {isa = PBXFileReference; fileEncoding = 4; lastKnownFileType = sourcecode.swift; path = WebChannel.swift; sourceTree = "<group>"; };
		0687056E2776107F00F02508 /* Rating.swift */ = {isa = PBXFileReference; fileEncoding = 4; lastKnownFileType = sourcecode.swift; path = Rating.swift; sourceTree = "<group>"; };
		0687056F2776107F00F02508 /* Country.swift */ = {isa = PBXFileReference; fileEncoding = 4; lastKnownFileType = sourcecode.swift; path = Country.swift; sourceTree = "<group>"; };
/* End PBXFileReference section */

/* Begin PBXFrameworksBuildPhase section */
		061E11352775F60D00720412 /* Frameworks */ = {
			isa = PBXFrameworksBuildPhase;
			buildActionMask = 2147483647;
			files = (
			);
			runOnlyForDeploymentPostprocessing = 0;
		};
		061E114B2775F60F00720412 /* Frameworks */ = {
			isa = PBXFrameworksBuildPhase;
			buildActionMask = 2147483647;
			files = (
			);
			runOnlyForDeploymentPostprocessing = 0;
		};
		061E11552775F61000720412 /* Frameworks */ = {
			isa = PBXFrameworksBuildPhase;
			buildActionMask = 2147483647;
			files = (
			);
			runOnlyForDeploymentPostprocessing = 0;
		};
/* End PBXFrameworksBuildPhase section */

/* Begin PBXGroup section */
		061E112F2775F60D00720412 = {
			isa = PBXGroup;
			children = (
				061E113A2775F60D00720412 /* Show_Task */,
				061E11512775F60F00720412 /* Show_TaskTests */,
				061E115B2775F61000720412 /* Show_TaskUITests */,
				061E11392775F60D00720412 /* Products */,
			);
			sourceTree = "<group>";
		};
		061E11392775F60D00720412 /* Products */ = {
			isa = PBXGroup;
			children = (
				061E11382775F60D00720412 /* Show_Task.app */,
				061E114E2775F60F00720412 /* Show_TaskTests.xctest */,
				061E11582775F61000720412 /* Show_TaskUITests.xctest */,
			);
			name = Products;
			sourceTree = "<group>";
		};
		061E113A2775F60D00720412 /* Show_Task */ = {
			isa = PBXGroup;
			children = (
				061E116E2775FC6200720412 /* Model */,
				061E116D2775F85400720412 /* Supporting Files */,
				061E116C2775F84200720412 /* Views */,
				061E116B2775F7BA00720412 /* StoryBoard */,
				061E11462775F60F00720412 /* LaunchScreen.storyboard */,
			);
			path = Show_Task;
			sourceTree = "<group>";
		};
		061E11512775F60F00720412 /* Show_TaskTests */ = {
			isa = PBXGroup;
			children = (
				061E11522775F60F00720412 /* Show_TaskTests.swift */,
			);
			path = Show_TaskTests;
			sourceTree = "<group>";
		};
		061E115B2775F61000720412 /* Show_TaskUITests */ = {
			isa = PBXGroup;
			children = (
				061E115C2775F61000720412 /* Show_TaskUITests.swift */,
				061E115E2775F61000720412 /* Show_TaskUITestsLaunchTests.swift */,
			);
			path = Show_TaskUITests;
			sourceTree = "<group>";
		};
		061E116B2775F7BA00720412 /* StoryBoard */ = {
			isa = PBXGroup;
			children = (
				061E11412775F60D00720412 /* Main.storyboard */,
			);
			path = StoryBoard;
			sourceTree = "<group>";
		};
		061E116C2775F84200720412 /* Views */ = {
			isa = PBXGroup;
			children = (
				061E11772775FF9700720412 /* Shared */,
				061E11722775FCDC00720412 /* Cells */,
				061E11712775FCCF00720412 /* VCs */,
			);
			path = Views;
			sourceTree = "<group>";
		};
		061E116D2775F85400720412 /* Supporting Files */ = {
			isa = PBXGroup;
			children = (
				061E11492775F60F00720412 /* Info.plist */,
				061E113B2775F60D00720412 /* AppDelegate.swift */,
				061E113D2775F60D00720412 /* SceneDelegate.swift */,
				061E11442775F60F00720412 /* Assets.xcassets */,
			);
			path = "Supporting Files";
			sourceTree = "<group>";
		};
		061E116E2775FC6200720412 /* Model */ = {
			isa = PBXGroup;
			children = (
				068705672776107E00F02508 /* _links.swift */,
				0687056F2776107F00F02508 /* Country.swift */,
				068705652776107E00F02508 /* Externals.swift */,
				068705662776107E00F02508 /* Image.swift */,
				0687056C2776107F00F02508 /* Previousepisode.swift */,
				0687056E2776107F00F02508 /* Rating.swift */,
				068705682776107E00F02508 /* Schedule.swift */,
				068705692776107E00F02508 /* Self.swift */,
				0687056A2776107E00F02508 /* Show.swift */,
				0687056B2776107F00F02508 /* ShowsModel.swift */,
				0687056D2776107F00F02508 /* WebChannel.swift */,
			);
			path = Model;
			sourceTree = "<group>";
		};
		061E11712775FCCF00720412 /* VCs */ = {
			isa = PBXGroup;
			children = (
				061E113F2775F60D00720412 /* ShowListVC.swift */,
				061E116F2775FCCB00720412 /* ShowDetailsVC.swift */,
			);
			path = VCs;
			sourceTree = "<group>";
		};
		061E11722775FCDC00720412 /* Cells */ = {
			isa = PBXGroup;
			children = (
				061E11732775FD0F00720412 /* ShowsTableViewCell.swift */,
				061E11742775FD0F00720412 /* ShowsTableViewCell.xib */,
			);
			path = Cells;
			sourceTree = "<group>";
		};
		061E11772775FF9700720412 /* Shared */ = {
			isa = PBXGroup;
			children = (
				061E11782775FFC900720412 /* RoundedImage.swift */,
			);
			path = Shared;
			sourceTree = "<group>";
		};
/* End PBXGroup section */

/* Begin PBXNativeTarget section */
		061E11372775F60D00720412 /* Show_Task */ = {
			isa = PBXNativeTarget;
			buildConfigurationList = 061E11622775F61000720412 /* Build configuration list for PBXNativeTarget "Show_Task" */;
			buildPhases = (
				061E11342775F60D00720412 /* Sources */,
				061E11352775F60D00720412 /* Frameworks */,
				061E11362775F60D00720412 /* Resources */,
			);
			buildRules = (
			);
			dependencies = (
			);
			name = Show_Task;
			productName = Show_Task;
			productReference = 061E11382775F60D00720412 /* Show_Task.app */;
			productType = "com.apple.product-type.application";
		};
		061E114D2775F60F00720412 /* Show_TaskTests */ = {
			isa = PBXNativeTarget;
			buildConfigurationList = 061E11652775F61000720412 /* Build configuration list for PBXNativeTarget "Show_TaskTests" */;
			buildPhases = (
				061E114A2775F60F00720412 /* Sources */,
				061E114B2775F60F00720412 /* Frameworks */,
				061E114C2775F60F00720412 /* Resources */,
			);
			buildRules = (
			);
			dependencies = (
				061E11502775F60F00720412 /* PBXTargetDependency */,
			);
			name = Show_TaskTests;
			productName = Show_TaskTests;
			productReference = 061E114E2775F60F00720412 /* Show_TaskTests.xctest */;
			productType = "com.apple.product-type.bundle.unit-test";
		};
		061E11572775F61000720412 /* Show_TaskUITests */ = {
			isa = PBXNativeTarget;
			buildConfigurationList = 061E11682775F61000720412 /* Build configuration list for PBXNativeTarget "Show_TaskUITests" */;
			buildPhases = (
				061E11542775F61000720412 /* Sources */,
				061E11552775F61000720412 /* Frameworks */,
				061E11562775F61000720412 /* Resources */,
			);
			buildRules = (
			);
			dependencies = (
				061E115A2775F61000720412 /* PBXTargetDependency */,
			);
			name = Show_TaskUITests;
			productName = Show_TaskUITests;
			productReference = 061E11582775F61000720412 /* Show_TaskUITests.xctest */;
			productType = "com.apple.product-type.bundle.ui-testing";
		};
/* End PBXNativeTarget section */

/* Begin PBXProject section */
		061E11302775F60D00720412 /* Project object */ = {
			isa = PBXProject;
			attributes = {
				BuildIndependentTargetsInParallel = 1;
				LastSwiftUpdateCheck = 1310;
				LastUpgradeCheck = 1310;
				TargetAttributes = {
					061E11372775F60D00720412 = {
						CreatedOnToolsVersion = 13.1;
					};
					061E114D2775F60F00720412 = {
						CreatedOnToolsVersion = 13.1;
						TestTargetID = 061E11372775F60D00720412;
					};
					061E11572775F61000720412 = {
						CreatedOnToolsVersion = 13.1;
						TestTargetID = 061E11372775F60D00720412;
					};
				};
			};
			buildConfigurationList = 061E11332775F60D00720412 /* Build configuration list for PBXProject "Show_Task" */;
			compatibilityVersion = "Xcode 13.0";
			developmentRegion = en;
			hasScannedForEncodings = 0;
			knownRegions = (
				en,
				Base,
			);
			mainGroup = 061E112F2775F60D00720412;
			productRefGroup = 061E11392775F60D00720412 /* Products */;
			projectDirPath = "";
			projectRoot = "";
			targets = (
				061E11372775F60D00720412 /* Show_Task */,
				061E114D2775F60F00720412 /* Show_TaskTests */,
				061E11572775F61000720412 /* Show_TaskUITests */,
			);
		};
/* End PBXProject section */

/* Begin PBXResourcesBuildPhase section */
		061E11362775F60D00720412 /* Resources */ = {
			isa = PBXResourcesBuildPhase;
			buildActionMask = 2147483647;
			files = (
				061E11482775F60F00720412 /* LaunchScreen.storyboard in Resources */,
				061E11452775F60F00720412 /* Assets.xcassets in Resources */,
				061E11762775FD0F00720412 /* ShowsTableViewCell.xib in Resources */,
				061E11432775F60D00720412 /* Main.storyboard in Resources */,
			);
			runOnlyForDeploymentPostprocessing = 0;
		};
		061E114C2775F60F00720412 /* Resources */ = {
			isa = PBXResourcesBuildPhase;
			buildActionMask = 2147483647;
			files = (
			);
			runOnlyForDeploymentPostprocessing = 0;
		};
		061E11562775F61000720412 /* Resources */ = {
			isa = PBXResourcesBuildPhase;
			buildActionMask = 2147483647;
			files = (
			);
			runOnlyForDeploymentPostprocessing = 0;
		};
/* End PBXResourcesBuildPhase section */

/* Begin PBXSourcesBuildPhase section */
		061E11342775F60D00720412 /* Sources */ = {
			isa = PBXSourcesBuildPhase;
			buildActionMask = 2147483647;
			files = (
				068705772776107F00F02508 /* Previousepisode.swift in Sources */,
				061E11402775F60D00720412 /* ShowListVC.swift in Sources */,
				068705712776107F00F02508 /* Image.swift in Sources */,
				068705742776107F00F02508 /* Self.swift in Sources */,
				068705702776107F00F02508 /* Externals.swift in Sources */,
				061E113C2775F60D00720412 /* AppDelegate.swift in Sources */,
				061E11702775FCCB00720412 /* ShowDetailsVC.swift in Sources */,
				068705752776107F00F02508 /* Show.swift in Sources */,
				068705762776107F00F02508 /* ShowsModel.swift in Sources */,
				0687057A2776107F00F02508 /* Country.swift in Sources */,
				068705782776107F00F02508 /* WebChannel.swift in Sources */,
				061E11792775FFC900720412 /* RoundedImage.swift in Sources */,
				068705722776107F00F02508 /* _links.swift in Sources */,
				068705792776107F00F02508 /* Rating.swift in Sources */,
				061E11752775FD0F00720412 /* ShowsTableViewCell.swift in Sources */,
				068705732776107F00F02508 /* Schedule.swift in Sources */,
				061E113E2775F60D00720412 /* SceneDelegate.swift in Sources */,
			);
			runOnlyForDeploymentPostprocessing = 0;
		};
		061E114A2775F60F00720412 /* Sources */ = {
			isa = PBXSourcesBuildPhase;
			buildActionMask = 2147483647;
			files = (
				061E11532775F60F00720412 /* Show_TaskTests.swift in Sources */,
			);
			runOnlyForDeploymentPostprocessing = 0;
		};
		061E11542775F61000720412 /* Sources */ = {
			isa = PBXSourcesBuildPhase;
			buildActionMask = 2147483647;
			files = (
				061E115F2775F61000720412 /* Show_TaskUITestsLaunchTests.swift in Sources */,
				061E115D2775F61000720412 /* Show_TaskUITests.swift in Sources */,
			);
			runOnlyForDeploymentPostprocessing = 0;
		};
/* End PBXSourcesBuildPhase section */

/* Begin PBXTargetDependency section */
		061E11502775F60F00720412 /* PBXTargetDependency */ = {
			isa = PBXTargetDependency;
			target = 061E11372775F60D00720412 /* Show_Task */;
			targetProxy = 061E114F2775F60F00720412 /* PBXContainerItemProxy */;
		};
		061E115A2775F61000720412 /* PBXTargetDependency */ = {
			isa = PBXTargetDependency;
			target = 061E11372775F60D00720412 /* Show_Task */;
			targetProxy = 061E11592775F61000720412 /* PBXContainerItemProxy */;
		};
/* End PBXTargetDependency section */

/* Begin PBXVariantGroup section */
		061E11412775F60D00720412 /* Main.storyboard */ = {
			isa = PBXVariantGroup;
			children = (
				061E11422775F60D00720412 /* Base */,
			);
			name = Main.storyboard;
			sourceTree = "<group>";
		};
		061E11462775F60F00720412 /* LaunchScreen.storyboard */ = {
			isa = PBXVariantGroup;
			children = (
				061E11472775F60F00720412 /* Base */,
			);
			name = LaunchScreen.storyboard;
			sourceTree = "<group>";
		};
/* End PBXVariantGroup section */

/* Begin XCBuildConfiguration section */
		061E11602775F61000720412 /* Debug */ = {
			isa = XCBuildConfiguration;
			buildSettings = {
				ALWAYS_SEARCH_USER_PATHS = NO;
				CLANG_ANALYZER_NONNULL = YES;
				CLANG_ANALYZER_NUMBER_OBJECT_CONVERSION = YES_AGGRESSIVE;
				CLANG_CXX_LANGUAGE_STANDARD = "gnu++17";
				CLANG_CXX_LIBRARY = "libc++";
				CLANG_ENABLE_MODULES = YES;
				CLANG_ENABLE_OBJC_ARC = YES;
				CLANG_ENABLE_OBJC_WEAK = YES;
				CLANG_WARN_BLOCK_CAPTURE_AUTORELEASING = YES;
				CLANG_WARN_BOOL_CONVERSION = YES;
				CLANG_WARN_COMMA = YES;
				CLANG_WARN_CONSTANT_CONVERSION = YES;
				CLANG_WARN_DEPRECATED_OBJC_IMPLEMENTATIONS = YES;
				CLANG_WARN_DIRECT_OBJC_ISA_USAGE = YES_ERROR;
				CLANG_WARN_DOCUMENTATION_COMMENTS = YES;
				CLANG_WARN_EMPTY_BODY = YES;
				CLANG_WARN_ENUM_CONVERSION = YES;
				CLANG_WARN_INFINITE_RECURSION = YES;
				CLANG_WARN_INT_CONVERSION = YES;
				CLANG_WARN_NON_LITERAL_NULL_CONVERSION = YES;
				CLANG_WARN_OBJC_IMPLICIT_RETAIN_SELF = YES;
				CLANG_WARN_OBJC_LITERAL_CONVERSION = YES;
				CLANG_WARN_OBJC_ROOT_CLASS = YES_ERROR;
				CLANG_WARN_QUOTED_INCLUDE_IN_FRAMEWORK_HEADER = YES;
				CLANG_WARN_RANGE_LOOP_ANALYSIS = YES;
				CLANG_WARN_STRICT_PROTOTYPES = YES;
				CLANG_WARN_SUSPICIOUS_MOVE = YES;
				CLANG_WARN_UNGUARDED_AVAILABILITY = YES_AGGRESSIVE;
				CLANG_WARN_UNREACHABLE_CODE = YES;
				CLANG_WARN__DUPLICATE_METHOD_MATCH = YES;
				COPY_PHASE_STRIP = NO;
				DEBUG_INFORMATION_FORMAT = dwarf;
				ENABLE_STRICT_OBJC_MSGSEND = YES;
				ENABLE_TESTABILITY = YES;
				GCC_C_LANGUAGE_STANDARD = gnu11;
				GCC_DYNAMIC_NO_PIC = NO;
				GCC_NO_COMMON_BLOCKS = YES;
				GCC_OPTIMIZATION_LEVEL = 0;
				GCC_PREPROCESSOR_DEFINITIONS = (
					"DEBUG=1",
					"$(inherited)",
				);
				GCC_WARN_64_TO_32_BIT_CONVERSION = YES;
				GCC_WARN_ABOUT_RETURN_TYPE = YES_ERROR;
				GCC_WARN_UNDECLARED_SELECTOR = YES;
				GCC_WARN_UNINITIALIZED_AUTOS = YES_AGGRESSIVE;
				GCC_WARN_UNUSED_FUNCTION = YES;
				GCC_WARN_UNUSED_VARIABLE = YES;
				IPHONEOS_DEPLOYMENT_TARGET = 15.0;
				MTL_ENABLE_DEBUG_INFO = INCLUDE_SOURCE;
				MTL_FAST_MATH = YES;
				ONLY_ACTIVE_ARCH = YES;
				SDKROOT = iphoneos;
				SWIFT_ACTIVE_COMPILATION_CONDITIONS = DEBUG;
				SWIFT_OPTIMIZATION_LEVEL = "-Onone";
			};
			name = Debug;
		};
		061E11612775F61000720412 /* Release */ = {
			isa = XCBuildConfiguration;
			buildSettings = {
				ALWAYS_SEARCH_USER_PATHS = NO;
				CLANG_ANALYZER_NONNULL = YES;
				CLANG_ANALYZER_NUMBER_OBJECT_CONVERSION = YES_AGGRESSIVE;
				CLANG_CXX_LANGUAGE_STANDARD = "gnu++17";
				CLANG_CXX_LIBRARY = "libc++";
				CLANG_ENABLE_MODULES = YES;
				CLANG_ENABLE_OBJC_ARC = YES;
				CLANG_ENABLE_OBJC_WEAK = YES;
				CLANG_WARN_BLOCK_CAPTURE_AUTORELEASING = YES;
				CLANG_WARN_BOOL_CONVERSION = YES;
				CLANG_WARN_COMMA = YES;
				CLANG_WARN_CONSTANT_CONVERSION = YES;
				CLANG_WARN_DEPRECATED_OBJC_IMPLEMENTATIONS = YES;
				CLANG_WARN_DIRECT_OBJC_ISA_USAGE = YES_ERROR;
				CLANG_WARN_DOCUMENTATION_COMMENTS = YES;
				CLANG_WARN_EMPTY_BODY = YES;
				CLANG_WARN_ENUM_CONVERSION = YES;
				CLANG_WARN_INFINITE_RECURSION = YES;
				CLANG_WARN_INT_CONVERSION = YES;
				CLANG_WARN_NON_LITERAL_NULL_CONVERSION = YES;
				CLANG_WARN_OBJC_IMPLICIT_RETAIN_SELF = YES;
				CLANG_WARN_OBJC_LITERAL_CONVERSION = YES;
				CLANG_WARN_OBJC_ROOT_CLASS = YES_ERROR;
				CLANG_WARN_QUOTED_INCLUDE_IN_FRAMEWORK_HEADER = YES;
				CLANG_WARN_RANGE_LOOP_ANALYSIS = YES;
				CLANG_WARN_STRICT_PROTOTYPES = YES;
				CLANG_WARN_SUSPICIOUS_MOVE = YES;
				CLANG_WARN_UNGUARDED_AVAILABILITY = YES_AGGRESSIVE;
				CLANG_WARN_UNREACHABLE_CODE = YES;
				CLANG_WARN__DUPLICATE_METHOD_MATCH = YES;
				COPY_PHASE_STRIP = NO;
				DEBUG_INFORMATION_FORMAT = "dwarf-with-dsym";
				ENABLE_NS_ASSERTIONS = NO;
				ENABLE_STRICT_OBJC_MSGSEND = YES;
				GCC_C_LANGUAGE_STANDARD = gnu11;
				GCC_NO_COMMON_BLOCKS = YES;
				GCC_WARN_64_TO_32_BIT_CONVERSION = YES;
				GCC_WARN_ABOUT_RETURN_TYPE = YES_ERROR;
				GCC_WARN_UNDECLARED_SELECTOR = YES;
				GCC_WARN_UNINITIALIZED_AUTOS = YES_AGGRESSIVE;
				GCC_WARN_UNUSED_FUNCTION = YES;
				GCC_WARN_UNUSED_VARIABLE = YES;
				IPHONEOS_DEPLOYMENT_TARGET = 15.0;
				MTL_ENABLE_DEBUG_INFO = NO;
				MTL_FAST_MATH = YES;
				SDKROOT = iphoneos;
				SWIFT_COMPILATION_MODE = wholemodule;
				SWIFT_OPTIMIZATION_LEVEL = "-O";
				VALIDATE_PRODUCT = YES;
			};
			name = Release;
		};
		061E11632775F61000720412 /* Debug */ = {
			isa = XCBuildConfiguration;
			buildSettings = {
				ASSETCATALOG_COMPILER_APPICON_NAME = AppIcon;
				ASSETCATALOG_COMPILER_GLOBAL_ACCENT_COLOR_NAME = AccentColor;
				CODE_SIGN_STYLE = Automatic;
				CURRENT_PROJECT_VERSION = 1;
				DEVELOPMENT_TEAM = 5RYP74DCC8;
				GENERATE_INFOPLIST_FILE = YES;
				INFOPLIST_FILE = "Show_Task/Supporting Files/Info.plist";
				INFOPLIST_KEY_UIApplicationSupportsIndirectInputEvents = YES;
				INFOPLIST_KEY_UILaunchStoryboardName = LaunchScreen;
				INFOPLIST_KEY_UIMainStoryboardFile = Main;
				INFOPLIST_KEY_UISupportedInterfaceOrientations_iPad = "UIInterfaceOrientationPortrait UIInterfaceOrientationPortraitUpsideDown UIInterfaceOrientationLandscapeLeft UIInterfaceOrientationLandscapeRight";
				INFOPLIST_KEY_UISupportedInterfaceOrientations_iPhone = "UIInterfaceOrientationPortrait UIInterfaceOrientationLandscapeLeft UIInterfaceOrientationLandscapeRight";
				LD_RUNPATH_SEARCH_PATHS = (
					"$(inherited)",
					"@executable_path/Frameworks",
				);
				MARKETING_VERSION = 1.0;
				PRODUCT_BUNDLE_IDENTIFIER = "Show-Task.Show-Task";
				PRODUCT_NAME = "$(TARGET_NAME)";
				SWIFT_EMIT_LOC_STRINGS = YES;
				SWIFT_VERSION = 5.0;
				TARGETED_DEVICE_FAMILY = "1,2";
			};
			name = Debug;
		};
		061E11642775F61000720412 /* Release */ = {
			isa = XCBuildConfiguration;
			buildSettings = {
				ASSETCATALOG_COMPILER_APPICON_NAME = AppIcon;
				ASSETCATALOG_COMPILER_GLOBAL_ACCENT_COLOR_NAME = AccentColor;
				CODE_SIGN_STYLE = Automatic;
				CURRENT_PROJECT_VERSION = 1;
				DEVELOPMENT_TEAM = 5RYP74DCC8;
				GENERATE_INFOPLIST_FILE = YES;
				INFOPLIST_FILE = "Show_Task/Supporting Files/Info.plist";
				INFOPLIST_KEY_UIApplicationSupportsIndirectInputEvents = YES;
				INFOPLIST_KEY_UILaunchStoryboardName = LaunchScreen;
				INFOPLIST_KEY_UIMainStoryboardFile = Main;
				INFOPLIST_KEY_UISupportedInterfaceOrientations_iPad = "UIInterfaceOrientationPortrait UIInterfaceOrientationPortraitUpsideDown UIInterfaceOrientationLandscapeLeft UIInterfaceOrientationLandscapeRight";
				INFOPLIST_KEY_UISupportedInterfaceOrientations_iPhone = "UIInterfaceOrientationPortrait UIInterfaceOrientationLandscapeLeft UIInterfaceOrientationLandscapeRight";
				LD_RUNPATH_SEARCH_PATHS = (
					"$(inherited)",
					"@executable_path/Frameworks",
				);
				MARKETING_VERSION = 1.0;
				PRODUCT_BUNDLE_IDENTIFIER = "Show-Task.Show-Task";
				PRODUCT_NAME = "$(TARGET_NAME)";
				SWIFT_EMIT_LOC_STRINGS = YES;
				SWIFT_VERSION = 5.0;
				TARGETED_DEVICE_FAMILY = "1,2";
			};
			name = Release;
		};
		061E11662775F61000720412 /* Debug */ = {
			isa = XCBuildConfiguration;
			buildSettings = {
				ALWAYS_EMBED_SWIFT_STANDARD_LIBRARIES = YES;
				BUNDLE_LOADER = "$(TEST_HOST)";
				CODE_SIGN_STYLE = Automatic;
				CURRENT_PROJECT_VERSION = 1;
				DEVELOPMENT_TEAM = 5RYP74DCC8;
				GENERATE_INFOPLIST_FILE = YES;
				IPHONEOS_DEPLOYMENT_TARGET = 15.0;
				LD_RUNPATH_SEARCH_PATHS = (
					"$(inherited)",
					"@executable_path/Frameworks",
					"@loader_path/Frameworks",
				);
				MARKETING_VERSION = 1.0;
				PRODUCT_BUNDLE_IDENTIFIER = "Show-Task.Show-TaskTests";
				PRODUCT_NAME = "$(TARGET_NAME)";
				SWIFT_EMIT_LOC_STRINGS = NO;
				SWIFT_VERSION = 5.0;
				TARGETED_DEVICE_FAMILY = "1,2";
				TEST_HOST = "$(BUILT_PRODUCTS_DIR)/Show_Task.app/Show_Task";
			};
			name = Debug;
		};
		061E11672775F61000720412 /* Release */ = {
			isa = XCBuildConfiguration;
			buildSettings = {
				ALWAYS_EMBED_SWIFT_STANDARD_LIBRARIES = YES;
				BUNDLE_LOADER = "$(TEST_HOST)";
				CODE_SIGN_STYLE = Automatic;
				CURRENT_PROJECT_VERSION = 1;
				DEVELOPMENT_TEAM = 5RYP74DCC8;
				GENERATE_INFOPLIST_FILE = YES;
				IPHONEOS_DEPLOYMENT_TARGET = 15.0;
				LD_RUNPATH_SEARCH_PATHS = (
					"$(inherited)",
					"@executable_path/Frameworks",
					"@loader_path/Frameworks",
				);
				MARKETING_VERSION = 1.0;
				PRODUCT_BUNDLE_IDENTIFIER = "Show-Task.Show-TaskTests";
				PRODUCT_NAME = "$(TARGET_NAME)";
				SWIFT_EMIT_LOC_STRINGS = NO;
				SWIFT_VERSION = 5.0;
				TARGETED_DEVICE_FAMILY = "1,2";
				TEST_HOST = "$(BUILT_PRODUCTS_DIR)/Show_Task.app/Show_Task";
			};
			name = Release;
		};
		061E11692775F61000720412 /* Debug */ = {
			isa = XCBuildConfiguration;
			buildSettings = {
				ALWAYS_EMBED_SWIFT_STANDARD_LIBRARIES = YES;
				CODE_SIGN_STYLE = Automatic;
				CURRENT_PROJECT_VERSION = 1;
				DEVELOPMENT_TEAM = 5RYP74DCC8;
				GENERATE_INFOPLIST_FILE = YES;
				LD_RUNPATH_SEARCH_PATHS = (
					"$(inherited)",
					"@executable_path/Frameworks",
					"@loader_path/Frameworks",
				);
				MARKETING_VERSION = 1.0;
				PRODUCT_BUNDLE_IDENTIFIER = "Show-Task.Show-TaskUITests";
				PRODUCT_NAME = "$(TARGET_NAME)";
				SWIFT_EMIT_LOC_STRINGS = NO;
				SWIFT_VERSION = 5.0;
				TARGETED_DEVICE_FAMILY = "1,2";
				TEST_TARGET_NAME = Show_Task;
			};
			name = Debug;
		};
		061E116A2775F61000720412 /* Release */ = {
			isa = XCBuildConfiguration;
			buildSettings = {
				ALWAYS_EMBED_SWIFT_STANDARD_LIBRARIES = YES;
				CODE_SIGN_STYLE = Automatic;
				CURRENT_PROJECT_VERSION = 1;
				DEVELOPMENT_TEAM = 5RYP74DCC8;
				GENERATE_INFOPLIST_FILE = YES;
				LD_RUNPATH_SEARCH_PATHS = (
					"$(inherited)",
					"@executable_path/Frameworks",
					"@loader_path/Frameworks",
				);
				MARKETING_VERSION = 1.0;
				PRODUCT_BUNDLE_IDENTIFIER = "Show-Task.Show-TaskUITests";
				PRODUCT_NAME = "$(TARGET_NAME)";
				SWIFT_EMIT_LOC_STRINGS = NO;
				SWIFT_VERSION = 5.0;
				TARGETED_DEVICE_FAMILY = "1,2";
				TEST_TARGET_NAME = Show_Task;
			};
			name = Release;
		};
/* End XCBuildConfiguration section */

/* Begin XCConfigurationList section */
		061E11332775F60D00720412 /* Build configuration list for PBXProject "Show_Task" */ = {
			isa = XCConfigurationList;
			buildConfigurations = (
				061E11602775F61000720412 /* Debug */,
				061E11612775F61000720412 /* Release */,
			);
			defaultConfigurationIsVisible = 0;
			defaultConfigurationName = Release;
		};
		061E11622775F61000720412 /* Build configuration list for PBXNativeTarget "Show_Task" */ = {
			isa = XCConfigurationList;
			buildConfigurations = (
				061E11632775F61000720412 /* Debug */,
				061E11642775F61000720412 /* Release */,
			);
			defaultConfigurationIsVisible = 0;
			defaultConfigurationName = Release;
		};
		061E11652775F61000720412 /* Build configuration list for PBXNativeTarget "Show_TaskTests" */ = {
			isa = XCConfigurationList;
			buildConfigurations = (
				061E11662775F61000720412 /* Debug */,
				061E11672775F61000720412 /* Release */,
			);
			defaultConfigurationIsVisible = 0;
			defaultConfigurationName = Release;
		};
		061E11682775F61000720412 /* Build configuration list for PBXNativeTarget "Show_TaskUITests" */ = {
			isa = XCConfigurationList;
			buildConfigurations = (
				061E11692775F61000720412 /* Debug */,
				061E116A2775F61000720412 /* Release */,
			);
			defaultConfigurationIsVisible = 0;
			defaultConfigurationName = Release;
		};
/* End XCConfigurationList section */
	};
	rootObject = 061E11302775F60D00720412 /* Project object */;
}
